
Microsoft Visual Studio Solution File, Format Version 12.00
# Visual Studio 15
VisualStudioVersion = 15.0.28307.136
MinimumVisualStudioVersion = 10.0.40219.1
Project("{9A19103F-16F7-4668-BE54-9A1E7A4F7556}") = "NYTimes.NancyApi", "NYTimes.NancyApi\NYTimes.NancyApi.csproj", "{38C24D7E-5297-4BD5-A42C-E2C2C14E5FF5}"
EndProject
Project("{9A19103F-16F7-4668-BE54-9A1E7A4F7556}") = "NYTimes.NancyApi.Test", "NYTimes.NancyApi.Test\NYTimes.NancyApi.Test.csproj", "{E52C8215-CEAF-4870-B37D-0FAB48B555DF}"
EndProject
Project("{9A19103F-16F7-4668-BE54-9A1E7A4F7556}") = "NYTimes.Services.Abstractions", "NYTimes.Services.Abstractions\NYTimes.Services.Abstractions.csproj", "{469B49FF-507C-4229-BB89-C43B9D0A67AC}"
EndProject
Project("{9A19103F-16F7-4668-BE54-9A1E7A4F7556}") = "NYTimes.Services", "NYTimes.Services\NYTimes.Services.csproj", "{5D090A1B-5AEB-470C-BA63-4D8AE5BD690E}"
EndProject
Project("{9A19103F-16F7-4668-BE54-9A1E7A4F7556}") = "NYTimes.Services.Test", "NYTimes.Services.Test\NYTimes.Services.Test.csproj", "{FAAB6DC5-FBCE-40C5-80C9-CA9B45BEADDE}"
EndProject
Global
	GlobalSection(SolutionConfigurationPlatforms) = preSolution
		Debug|Any CPU = Debug|Any CPU
		Release|Any CPU = Release|Any CPU
	EndGlobalSection
	GlobalSection(ProjectConfigurationPlatforms) = postSolution
		{38C24D7E-5297-4BD5-A42C-E2C2C14E5FF5}.Debug|Any CPU.ActiveCfg = Debug|Any CPU
		{38C24D7E-5297-4BD5-A42C-E2C2C14E5FF5}.Debug|Any CPU.Build.0 = Debug|Any CPU
		{38C24D7E-5297-4BD5-A42C-E2C2C14E5FF5}.Release|Any CPU.ActiveCfg = Release|Any CPU
		{38C24D7E-5297-4BD5-A42C-E2C2C14E5FF5}.Release|Any CPU.Build.0 = Release|Any CPU
		{E52C8215-CEAF-4870-B37D-0FAB48B555DF}.Debug|Any CPU.ActiveCfg = Debug|Any CPU
		{E52C8215-CEAF-4870-B37D-0FAB48B555DF}.Debug|Any CPU.Build.0 = Debug|Any CPU
		{E52C8215-CEAF-4870-B37D-0FAB48B555DF}.Release|Any CPU.ActiveCfg = Release|Any CPU
		{E52C8215-CEAF-4870-B37D-0FAB48B555DF}.Release|Any CPU.Build.0 = Release|Any CPU
		{469B49FF-507C-4229-BB89-C43B9D0A67AC}.Debug|Any CPU.ActiveCfg = Debug|Any CPU
		{469B49FF-507C-4229-BB89-C43B9D0A67AC}.Debug|Any CPU.Build.0 = Debug|Any CPU
		{469B49FF-507C-4229-BB89-C43B9D0A67AC}.Release|Any CPU.ActiveCfg = Release|Any CPU
		{469B49FF-507C-4229-BB89-C43B9D0A67AC}.Release|Any CPU.Build.0 = Release|Any CPU
		{5D090A1B-5AEB-470C-BA63-4D8AE5BD690E}.Debug|Any CPU.ActiveCfg = Debug|Any CPU
		{5D090A1B-5AEB-470C-BA63-4D8AE5BD690E}.Debug|Any CPU.Build.0 = Debug|Any CPU
		{5D090A1B-5AEB-470C-BA63-4D8AE5BD690E}.Release|Any CPU.ActiveCfg = Release|Any CPU
		{5D090A1B-5AEB-470C-BA63-4D8AE5BD690E}.Release|Any CPU.Build.0 = Release|Any CPU
		{FAAB6DC5-FBCE-40C5-80C9-CA9B45BEADDE}.Debug|Any CPU.ActiveCfg = Debug|Any CPU
		{FAAB6DC5-FBCE-40C5-80C9-CA9B45BEADDE}.Debug|Any CPU.Build.0 = Debug|Any CPU
		{FAAB6DC5-FBCE-40C5-80C9-CA9B45BEADDE}.Release|Any CPU.ActiveCfg = Release|Any CPU
		{FAAB6DC5-FBCE-40C5-80C9-CA9B45BEADDE}.Release|Any CPU.Build.0 = Release|Any CPU
	EndGlobalSection
	GlobalSection(SolutionProperties) = preSolution
		HideSolutionNode = FALSE
	EndGlobalSection
	GlobalSection(ExtensibilityGlobals) = postSolution
		SolutionGuid = {2EBD6822-2E09-44A4-93F4-B009CBC01C37}
	EndGlobalSection
EndGlobal
